PODS:
  - AFNetworking (3.1.0):
    - AFNetworking/NSURLSession (= 3.1.0)
    - AFNetworking/Reachability (= 3.1.0)
    - AFNetworking/Security (= 3.1.0)
    - AFNetworking/Serialization (= 3.1.0)
    - AFNetworking/UIKit (= 3.1.0)
  - AFNetworking/NSURLSession (3.1.0):
    - AFNetworking/Reachability
    - AFNetworking/Security
    - AFNetworking/Serialization
  - AFNetworking/Reachability (3.1.0)
  - AFNetworking/Security (3.1.0)
  - AFNetworking/Serialization (3.1.0)
  - AFNetworking/UIKit (3.1.0):
    - AFNetworking/NSURLSession
  - FLAnimatedImage (1.0.12)
  - InstagramKit (3.8):
    - AFNetworking (~> 3.0)
    - InstagramKit/Exclude-UICKeyChainStore (= 3.8)
  - InstagramKit/Exclude-UICKeyChainStore (3.8):
    - AFNetworking (~> 3.0)
  - InstagramKit/UICKeyChainStore (3.8):
    - AFNetworking (~> 3.0)
    - UICKeyChainStore (~> 2.0)
  - MaterialComponents (23.3.0):
    - MaterialComponents/ActivityIndicator (= 23.3.0)
    - MaterialComponents/AnimationTiming (= 23.3.0)
    - MaterialComponents/AppBar (= 23.3.0)
    - MaterialComponents/ButtonBar (= 23.3.0)
    - MaterialComponents/Buttons (= 23.3.0)
    - MaterialComponents/CollectionCells (= 23.3.0)
    - MaterialComponents/CollectionLayoutAttributes (= 23.3.0)
    - MaterialComponents/Collections (= 23.3.0)
    - MaterialComponents/Dialogs (= 23.3.0)
    - MaterialComponents/FeatureHighlight (= 23.3.0)
    - MaterialComponents/FlexibleHeader (= 23.3.0)
    - MaterialComponents/HeaderStackView (= 23.3.0)
    - MaterialComponents/Ink (= 23.3.0)
    - MaterialComponents/NavigationBar (= 23.3.0)
    - MaterialComponents/OverlayWindow (= 23.3.0)
    - MaterialComponents/PageControl (= 23.3.0)
    - MaterialComponents/Palettes (= 23.3.0)
    - MaterialComponents/private (= 23.3.0)
    - MaterialComponents/ProgressView (= 23.3.0)
    - MaterialComponents/ShadowElevations (= 23.3.0)
    - MaterialComponents/ShadowLayer (= 23.3.0)
    - MaterialComponents/Slider (= 23.3.0)
    - MaterialComponents/Snackbar (= 23.3.0)
    - MaterialComponents/Tabs (= 23.3.0)
    - MaterialComponents/Typography (= 23.3.0)
  - MaterialComponents/ActivityIndicator (23.3.0):
    - MaterialComponents/private/Application
    - MaterialComponents/private/RTL
  - MaterialComponents/AnimationTiming (23.3.0)
  - MaterialComponents/AppBar (23.3.0):
    - MaterialComponents/FlexibleHeader
    - MaterialComponents/HeaderStackView
    - MaterialComponents/NavigationBar
    - MaterialComponents/private/Icons/ic_arrow_back
    - MaterialComponents/private/RTL
    - MaterialComponents/ShadowElevations
    - MaterialComponents/ShadowLayer
    - MaterialComponents/Typography
  - MaterialComponents/ButtonBar (23.3.0):
    - MaterialComponents/Buttons
    - MaterialComponents/private/RTL
  - MaterialComponents/Buttons (23.3.0):
    - MaterialComponents/Ink
    - MaterialComponents/private/Math
    - MaterialComponents/ShadowElevations
    - MaterialComponents/ShadowLayer
    - MaterialComponents/Typography
    - MDFTextAccessibility
  - MaterialComponents/CollectionCells (23.3.0):
    - MaterialComponents/CollectionLayoutAttributes
    - MaterialComponents/Ink
    - MaterialComponents/private/Icons/ic_check
    - MaterialComponents/private/Icons/ic_check_circle
    - MaterialComponents/private/Icons/ic_chevron_right
    - MaterialComponents/private/Icons/ic_info
    - MaterialComponents/private/Icons/ic_radio_button_unchecked
    - MaterialComponents/private/Icons/ic_reorder
    - MaterialComponents/private/Math
    - MaterialComponents/private/RTL
    - MaterialComponents/Typography
  - MaterialComponents/CollectionLayoutAttributes (23.3.0)
  - MaterialComponents/Collections (23.3.0):
    - MaterialComponents/CollectionCells
    - MaterialComponents/CollectionLayoutAttributes
    - MaterialComponents/Ink
    - MaterialComponents/ShadowElevations
    - MaterialComponents/ShadowLayer
    - MaterialComponents/Typography
  - MaterialComponents/Dialogs (23.3.0):
    - MaterialComponents/Buttons
    - MaterialComponents/private/KeyboardWatcher
    - MaterialComponents/private/RTL
    - MaterialComponents/ShadowElevations
    - MaterialComponents/ShadowLayer
  - MaterialComponents/FeatureHighlight (23.3.0):
    - MaterialComponents/Typography
    - MDFTextAccessibility
  - MaterialComponents/FlexibleHeader (23.3.0):
    - MaterialComponents/private/Application
    - MDFTextAccessibility
  - MaterialComponents/HeaderStackView (23.3.0)
  - MaterialComponents/Ink (23.3.0)
  - MaterialComponents/NavigationBar (23.3.0):
    - MaterialComponents/ButtonBar
    - MaterialComponents/private/Math
    - MaterialComponents/private/RTL
    - MaterialComponents/Typography
    - MDFTextAccessibility
  - MaterialComponents/OverlayWindow (23.3.0):
    - MaterialComponents/private/Application
  - MaterialComponents/PageControl (23.3.0)
  - MaterialComponents/Palettes (23.3.0)
  - MaterialComponents/private (23.3.0):
    - MaterialComponents/private/Application (= 23.3.0)
    - MaterialComponents/private/Icons (= 23.3.0)
    - MaterialComponents/private/KeyboardWatcher (= 23.3.0)
    - MaterialComponents/private/Math (= 23.3.0)
    - MaterialComponents/private/Overlay (= 23.3.0)
    - MaterialComponents/private/RTL (= 23.3.0)
    - MaterialComponents/private/ThumbTrack (= 23.3.0)
  - MaterialComponents/private/Application (23.3.0)
  - MaterialComponents/private/Icons (23.3.0):
    - MaterialComponents/private/Icons/Base (= 23.3.0)
    - MaterialComponents/private/Icons/ic_arrow_back (= 23.3.0)
    - MaterialComponents/private/Icons/ic_check (= 23.3.0)
    - MaterialComponents/private/Icons/ic_check_circle (= 23.3.0)
    - MaterialComponents/private/Icons/ic_chevron_right (= 23.3.0)
    - MaterialComponents/private/Icons/ic_info (= 23.3.0)
    - MaterialComponents/private/Icons/ic_radio_button_unchecked (= 23.3.0)
    - MaterialComponents/private/Icons/ic_reorder (= 23.3.0)
  - MaterialComponents/private/Icons/Base (23.3.0)
  - MaterialComponents/private/Icons/ic_arrow_back (23.3.0):
    - MaterialComponents/private/Icons/Base
  - MaterialComponents/private/Icons/ic_check (23.3.0):
    - MaterialComponents/private/Icons/Base
  - MaterialComponents/private/Icons/ic_check_circle (23.3.0):
    - MaterialComponents/private/Icons/Base
  - MaterialComponents/private/Icons/ic_chevron_right (23.3.0):
    - MaterialComponents/private/Icons/Base
  - MaterialComponents/private/Icons/ic_info (23.3.0):
    - MaterialComponents/private/Icons/Base
  - MaterialComponents/private/Icons/ic_radio_button_unchecked (23.3.0):
    - MaterialComponents/private/Icons/Base
  - MaterialComponents/private/Icons/ic_reorder (23.3.0):
    - MaterialComponents/private/Icons/Base
  - MaterialComponents/private/KeyboardWatcher (23.3.0):
    - MaterialComponents/private/Application
  - MaterialComponents/private/Math (23.3.0)
  - MaterialComponents/private/Overlay (23.3.0)
  - MaterialComponents/private/RTL (23.3.0)
  - MaterialComponents/private/ThumbTrack (23.3.0):
    - MaterialComponents/Ink
    - MaterialComponents/private/Math
    - MaterialComponents/private/RTL
    - MaterialComponents/ShadowElevations
    - MaterialComponents/ShadowLayer
    - MaterialComponents/Typography
  - MaterialComponents/ProgressView (23.3.0):
    - MaterialComponents/private/Math
    - MaterialComponents/private/RTL
  - MaterialComponents/ShadowElevations (23.3.0)
  - MaterialComponents/ShadowLayer (23.3.0)
  - MaterialComponents/Slider (23.3.0):
    - MaterialComponents/private/ThumbTrack
  - MaterialComponents/Snackbar (23.3.0):
    - MaterialComponents/AnimationTiming
    - MaterialComponents/Buttons
    - MaterialComponents/OverlayWindow
    - MaterialComponents/private/Application
    - MaterialComponents/private/KeyboardWatcher
    - MaterialComponents/private/Overlay
    - MaterialComponents/Typography
  - MaterialComponents/Tabs (23.3.0):
    - MaterialComponents/AnimationTiming
    - MaterialComponents/Ink
    - MaterialComponents/private/RTL
    - MaterialComponents/Typography
  - MaterialComponents/Typography (23.3.0):
    - MaterialComponents/private/Application
  - MDFTextAccessibility (1.2.0)
  - PKRevealController (2.0.6)
  - SDWebImage/Core (4.0.0)
  - SDWebImage/GIF (4.0.0):
    - FLAnimatedImage (~> 1.0)
    - SDWebImage/Core
  - UICKeyChainStore (2.1.1)

DEPENDENCIES:
  - InstagramKit (~> 3.0)
  - InstagramKit/UICKeyChainStore
  - MaterialComponents
  - PKRevealController
  - SDWebImage/GIF

SPEC CHECKSUMS:
  AFNetworking: 5e0e199f73d8626b11e79750991f5d173d1f8b67
  FLAnimatedImage: 4a0b56255d9b05f18b6dd7ee06871be5d3b89e31
  InstagramKit: 402d6bba375357b548039de08eea19a1b8716354
  MaterialComponents: f6461aa016750c92a5ef436692d2a5eff67a9a66
  MDFTextAccessibility: 94098925e0853551c5a311ce7c1ecefbe297cdb6
  PKRevealController: ffb45a16f5a5032ad90a3d16e5cbb0d8e035bd58
  SDWebImage: 76a6348bdc74eb5a55dd08a091ef298e56b55e41
  UICKeyChainStore: 239558492fa260531a0774cfc611ea83a6eaff3a

PODFILE CHECKSUM: e5fb1cfd95d03ac00b4bbb70d7ecfc49e726443e

COCOAPODS: 1.1.1
